// !$*UTF8*$!
{
	archiveVersion = 1;
	classes = {
	};
	objectVersion = 55;
	objects = {

/* Begin PBXBuildFile section */
		AD49EDAB29EBCC5900432161 /* RMCharacterCollectionViewCell.swift in Sources */ = {isa = PBXBuildFile; fileRef = AD49EDAA29EBCC5900432161 /* RMCharacterCollectionViewCell.swift */; };
		AD49EDAD29EBCD8800432161 /* RMCharacterCollectionViewCellViewModel.swift in Sources */ = {isa = PBXBuildFile; fileRef = AD49EDAC29EBCD8800432161 /* RMCharacterCollectionViewCellViewModel.swift */; };
		AD49EDB729EC049E00432161 /* RMGetAllCharactersResponse.swift in Sources */ = {isa = PBXBuildFile; fileRef = AD49EDB629EC049E00432161 /* RMGetAllCharactersResponse.swift */; };
		AD49EDB929EC04C100432161 /* Extensions.swift in Sources */ = {isa = PBXBuildFile; fileRef = AD49EDB829EC04C100432161 /* Extensions.swift */; };
		AD49EDBC29EC097B00432161 /* RMCharacterDetailViewController.swift in Sources */ = {isa = PBXBuildFile; fileRef = AD49EDBB29EC097B00432161 /* RMCharacterDetailViewController.swift */; };
		AD49EDBE29EC0A7A00432161 /* RMCharacterDetailView.swift in Sources */ = {isa = PBXBuildFile; fileRef = AD49EDBD29EC0A7A00432161 /* RMCharacterDetailView.swift */; };
		AD49EDC029EC0AA700432161 /* RMCharacterDetailViewViewModel.swift in Sources */ = {isa = PBXBuildFile; fileRef = AD49EDBF29EC0AA700432161 /* RMCharacterDetailViewViewModel.swift */; };
		AD49EDC229EC118E00432161 /* RMFooterLoadingCollectionReusableView.swift in Sources */ = {isa = PBXBuildFile; fileRef = AD49EDC129EC118E00432161 /* RMFooterLoadingCollectionReusableView.swift */; };
		AD49EDC529EF024D00432161 /* RMImageLoader.swift in Sources */ = {isa = PBXBuildFile; fileRef = AD49EDC429EF024D00432161 /* RMImageLoader.swift */; };
		ADEA060F29E53A1200AE97BD /* AppDelegate.swift in Sources */ = {isa = PBXBuildFile; fileRef = ADEA060E29E53A1200AE97BD /* AppDelegate.swift */; };
		ADEA061129E53A1200AE97BD /* SceneDelegate.swift in Sources */ = {isa = PBXBuildFile; fileRef = ADEA061029E53A1200AE97BD /* SceneDelegate.swift */; };
		ADEA061329E53A1200AE97BD /* RMTabBarController.swift in Sources */ = {isa = PBXBuildFile; fileRef = ADEA061229E53A1200AE97BD /* RMTabBarController.swift */; };
		ADEA061829E53A1500AE97BD /* Assets.xcassets in Resources */ = {isa = PBXBuildFile; fileRef = ADEA061729E53A1500AE97BD /* Assets.xcassets */; };
		ADEA061B29E53A1500AE97BD /* LaunchScreen.storyboard in Resources */ = {isa = PBXBuildFile; fileRef = ADEA061929E53A1500AE97BD /* LaunchScreen.storyboard */; };
		ADEA062A29E53D4600AE97BD /* RMLocation.swift in Sources */ = {isa = PBXBuildFile; fileRef = ADEA062929E53D4600AE97BD /* RMLocation.swift */; };
		ADEA062C29E53D5300AE97BD /* RMCharacter.swift in Sources */ = {isa = PBXBuildFile; fileRef = ADEA062B29E53D5300AE97BD /* RMCharacter.swift */; };
		ADEA062E29E53D6100AE97BD /* RMEpisode.swift in Sources */ = {isa = PBXBuildFile; fileRef = ADEA062D29E53D6100AE97BD /* RMEpisode.swift */; };
		ADEA063229E53DB100AE97BD /* RMCharacterViewController.swift in Sources */ = {isa = PBXBuildFile; fileRef = ADEA063129E53DB100AE97BD /* RMCharacterViewController.swift */; };
		ADEA063429E53DFD00AE97BD /* RMEpisodeViewController.swift in Sources */ = {isa = PBXBuildFile; fileRef = ADEA063329E53DFD00AE97BD /* RMEpisodeViewController.swift */; };
		ADEA063629E53E0B00AE97BD /* RMLocationViewController.swift in Sources */ = {isa = PBXBuildFile; fileRef = ADEA063529E53E0B00AE97BD /* RMLocationViewController.swift */; };
		ADEA063829E53E1800AE97BD /* RMSettingsViewController.swift in Sources */ = {isa = PBXBuildFile; fileRef = ADEA063729E53E1800AE97BD /* RMSettingsViewController.swift */; };
		ADEA063B29E58C9800AE97BD /* RMService.swift in Sources */ = {isa = PBXBuildFile; fileRef = ADEA063A29E58C9800AE97BD /* RMService.swift */; };
		ADEA063D29E58CA400AE97BD /* RMRequest.swift in Sources */ = {isa = PBXBuildFile; fileRef = ADEA063C29E58CA400AE97BD /* RMRequest.swift */; };
		ADEA063F29E58DC900AE97BD /* RMEndpoint.swift in Sources */ = {isa = PBXBuildFile; fileRef = ADEA063E29E58DC900AE97BD /* RMEndpoint.swift */; };
		ADEA064129E5932800AE97BD /* RMOrigin.swift in Sources */ = {isa = PBXBuildFile; fileRef = ADEA064029E5932800AE97BD /* RMOrigin.swift */; };
		ADEA064329E5935100AE97BD /* RMSingleLocation.swift in Sources */ = {isa = PBXBuildFile; fileRef = ADEA064229E5935100AE97BD /* RMSingleLocation.swift */; };
		ADEA064529E5940F00AE97BD /* RMCharacterStatus.swift in Sources */ = {isa = PBXBuildFile; fileRef = ADEA064429E5940F00AE97BD /* RMCharacterStatus.swift */; };
		ADEA064729E5945200AE97BD /* RMCharacterGender.swift in Sources */ = {isa = PBXBuildFile; fileRef = ADEA064629E5945200AE97BD /* RMCharacterGender.swift */; };
		ADEA064D29E677CC00AE97BD /* RMCharacterListViewViewModel.swift in Sources */ = {isa = PBXBuildFile; fileRef = ADEA064C29E677CC00AE97BD /* RMCharacterListViewViewModel.swift */; };
		ADEA064F29E6785200AE97BD /* RMCharacterListView.swift in Sources */ = {isa = PBXBuildFile; fileRef = ADEA064E29E6785200AE97BD /* RMCharacterListView.swift */; };
/* End PBXBuildFile section */

/* Begin PBXFileReference section */
		AD49EDAA29EBCC5900432161 /* RMCharacterCollectionViewCell.swift */ = {isa = PBXFileReference; lastKnownFileType = sourcecode.swift; path = RMCharacterCollectionViewCell.swift; sourceTree = "<group>"; };
		AD49EDAC29EBCD8800432161 /* RMCharacterCollectionViewCellViewModel.swift */ = {isa = PBXFileReference; lastKnownFileType = sourcecode.swift; path = RMCharacterCollectionViewCellViewModel.swift; sourceTree = "<group>"; };
		AD49EDB629EC049E00432161 /* RMGetAllCharactersResponse.swift */ = {isa = PBXFileReference; lastKnownFileType = sourcecode.swift; path = RMGetAllCharactersResponse.swift; sourceTree = "<group>"; };
		AD49EDB829EC04C100432161 /* Extensions.swift */ = {isa = PBXFileReference; lastKnownFileType = sourcecode.swift; path = Extensions.swift; sourceTree = "<group>"; };
		AD49EDBB29EC097B00432161 /* RMCharacterDetailViewController.swift */ = {isa = PBXFileReference; lastKnownFileType = sourcecode.swift; path = RMCharacterDetailViewController.swift; sourceTree = "<group>"; };
		AD49EDBD29EC0A7A00432161 /* RMCharacterDetailView.swift */ = {isa = PBXFileReference; lastKnownFileType = sourcecode.swift; path = RMCharacterDetailView.swift; sourceTree = "<group>"; };
		AD49EDBF29EC0AA700432161 /* RMCharacterDetailViewViewModel.swift */ = {isa = PBXFileReference; lastKnownFileType = sourcecode.swift; path = RMCharacterDetailViewViewModel.swift; sourceTree = "<group>"; };
		AD49EDC129EC118E00432161 /* RMFooterLoadingCollectionReusableView.swift */ = {isa = PBXFileReference; lastKnownFileType = sourcecode.swift; path = RMFooterLoadingCollectionReusableView.swift; sourceTree = "<group>"; };
		AD49EDC429EF024D00432161 /* RMImageLoader.swift */ = {isa = PBXFileReference; lastKnownFileType = sourcecode.swift; path = RMImageLoader.swift; sourceTree = "<group>"; };
		ADEA060B29E53A1200AE97BD /* Rick&Morty.app */ = {isa = PBXFileReference; explicitFileType = wrapper.application; includeInIndex = 0; path = "Rick&Morty.app"; sourceTree = BUILT_PRODUCTS_DIR; };
		ADEA060E29E53A1200AE97BD /* AppDelegate.swift */ = {isa = PBXFileReference; lastKnownFileType = sourcecode.swift; path = AppDelegate.swift; sourceTree = "<group>"; };
		ADEA061029E53A1200AE97BD /* SceneDelegate.swift */ = {isa = PBXFileReference; lastKnownFileType = sourcecode.swift; path = SceneDelegate.swift; sourceTree = "<group>"; };
		ADEA061229E53A1200AE97BD /* RMTabBarController.swift */ = {isa = PBXFileReference; lastKnownFileType = sourcecode.swift; path = RMTabBarController.swift; sourceTree = "<group>"; };
		ADEA061729E53A1500AE97BD /* Assets.xcassets */ = {isa = PBXFileReference; lastKnownFileType = folder.assetcatalog; path = Assets.xcassets; sourceTree = "<group>"; };
		ADEA061A29E53A1500AE97BD /* Base */ = {isa = PBXFileReference; lastKnownFileType = file.storyboard; name = Base; path = Base.lproj/LaunchScreen.storyboard; sourceTree = "<group>"; };
		ADEA061C29E53A1500AE97BD /* Info.plist */ = {isa = PBXFileReference; lastKnownFileType = text.plist.xml; path = Info.plist; sourceTree = "<group>"; };
		ADEA062929E53D4600AE97BD /* RMLocation.swift */ = {isa = PBXFileReference; lastKnownFileType = sourcecode.swift; path = RMLocation.swift; sourceTree = "<group>"; };
		ADEA062B29E53D5300AE97BD /* RMCharacter.swift */ = {isa = PBXFileReference; lastKnownFileType = sourcecode.swift; path = RMCharacter.swift; sourceTree = "<group>"; };
		ADEA062D29E53D6100AE97BD /* RMEpisode.swift */ = {isa = PBXFileReference; lastKnownFileType = sourcecode.swift; path = RMEpisode.swift; sourceTree = "<group>"; };
		ADEA063129E53DB100AE97BD /* RMCharacterViewController.swift */ = {isa = PBXFileReference; lastKnownFileType = sourcecode.swift; path = RMCharacterViewController.swift; sourceTree = "<group>"; };
		ADEA063329E53DFD00AE97BD /* RMEpisodeViewController.swift */ = {isa = PBXFileReference; lastKnownFileType = sourcecode.swift; path = RMEpisodeViewController.swift; sourceTree = "<group>"; };
		ADEA063529E53E0B00AE97BD /* RMLocationViewController.swift */ = {isa = PBXFileReference; lastKnownFileType = sourcecode.swift; path = RMLocationViewController.swift; sourceTree = "<group>"; };
		ADEA063729E53E1800AE97BD /* RMSettingsViewController.swift */ = {isa = PBXFileReference; lastKnownFileType = sourcecode.swift; path = RMSettingsViewController.swift; sourceTree = "<group>"; };
		ADEA063A29E58C9800AE97BD /* RMService.swift */ = {isa = PBXFileReference; lastKnownFileType = sourcecode.swift; path = RMService.swift; sourceTree = "<group>"; };
		ADEA063C29E58CA400AE97BD /* RMRequest.swift */ = {isa = PBXFileReference; lastKnownFileType = sourcecode.swift; path = RMRequest.swift; sourceTree = "<group>"; };
		ADEA063E29E58DC900AE97BD /* RMEndpoint.swift */ = {isa = PBXFileReference; lastKnownFileType = sourcecode.swift; path = RMEndpoint.swift; sourceTree = "<group>"; };
		ADEA064029E5932800AE97BD /* RMOrigin.swift */ = {isa = PBXFileReference; lastKnownFileType = sourcecode.swift; path = RMOrigin.swift; sourceTree = "<group>"; };
		ADEA064229E5935100AE97BD /* RMSingleLocation.swift */ = {isa = PBXFileReference; lastKnownFileType = sourcecode.swift; path = RMSingleLocation.swift; sourceTree = "<group>"; };
		ADEA064429E5940F00AE97BD /* RMCharacterStatus.swift */ = {isa = PBXFileReference; lastKnownFileType = sourcecode.swift; path = RMCharacterStatus.swift; sourceTree = "<group>"; };
		ADEA064629E5945200AE97BD /* RMCharacterGender.swift */ = {isa = PBXFileReference; lastKnownFileType = sourcecode.swift; path = RMCharacterGender.swift; sourceTree = "<group>"; };
		ADEA064C29E677CC00AE97BD /* RMCharacterListViewViewModel.swift */ = {isa = PBXFileReference; lastKnownFileType = sourcecode.swift; path = RMCharacterListViewViewModel.swift; sourceTree = "<group>"; };
		ADEA064E29E6785200AE97BD /* RMCharacterListView.swift */ = {isa = PBXFileReference; lastKnownFileType = sourcecode.swift; path = RMCharacterListView.swift; sourceTree = "<group>"; };
/* End PBXFileReference section */

/* Begin PBXFrameworksBuildPhase section */
		ADEA060829E53A1200AE97BD /* Frameworks */ = {
			isa = PBXFrameworksBuildPhase;
			buildActionMask = 2147483647;
			files = (
			);
			runOnlyForDeploymentPostprocessing = 0;
		};
/* End PBXFrameworksBuildPhase section */

/* Begin PBXGroup section */
		AD49EDB529EC046700432161 /* APIResponseTypes */ = {
			isa = PBXGroup;
			children = (
				AD49EDB629EC049E00432161 /* RMGetAllCharactersResponse.swift */,
			);
			path = APIResponseTypes;
			sourceTree = "<group>";
		};
		AD49EDBA29EC095E00432161 /* Other */ = {
			isa = PBXGroup;
			children = (
				AD49EDBB29EC097B00432161 /* RMCharacterDetailViewController.swift */,
			);
			path = Other;
			sourceTree = "<group>";
		};
		AD49EDC329EF023700432161 /* Managers */ = {
			isa = PBXGroup;
			children = (
				AD49EDC429EF024D00432161 /* RMImageLoader.swift */,
			);
			path = Managers;
			sourceTree = "<group>";
		};
		ADEA060229E53A1200AE97BD = {
			isa = PBXGroup;
			children = (
				ADEA060D29E53A1200AE97BD /* Rick&Morty */,
				ADEA060C29E53A1200AE97BD /* Products */,
			);
			sourceTree = "<group>";
		};
		ADEA060C29E53A1200AE97BD /* Products */ = {
			isa = PBXGroup;
			children = (
				ADEA060B29E53A1200AE97BD /* Rick&Morty.app */,
			);
			name = Products;
			sourceTree = "<group>";
		};
		ADEA060D29E53A1200AE97BD /* Rick&Morty */ = {
			isa = PBXGroup;
			children = (
				AD49EDC329EF023700432161 /* Managers */,
				ADEA062829E53C6700AE97BD /* Resources */,
				ADEA062629E53C3600AE97BD /* APIClient */,
				ADEA062529E53C2F00AE97BD /* ViewModels */,
				ADEA062429E53C2800AE97BD /* Views */,
				ADEA062329E53C2100AE97BD /* Models */,
				ADEA062229E53C1900AE97BD /* Controllers */,
				ADEA061C29E53A1500AE97BD /* Info.plist */,
			);
			path = "Rick&Morty";
			sourceTree = "<group>";
		};
		ADEA062229E53C1900AE97BD /* Controllers */ = {
			isa = PBXGroup;
			children = (
				AD49EDBA29EC095E00432161 /* Other */,
				ADEA062F29E53D8F00AE97BD /* Core */,
			);
			path = Controllers;
			sourceTree = "<group>";
		};
		ADEA062329E53C2100AE97BD /* Models */ = {
			isa = PBXGroup;
			children = (
				AD49EDB529EC046700432161 /* APIResponseTypes */,
				ADEA064829E6750500AE97BD /* DataTypes */,
			);
			path = Models;
			sourceTree = "<group>";
		};
		ADEA062429E53C2800AE97BD /* Views */ = {
			isa = PBXGroup;
			children = (
				ADEA064E29E6785200AE97BD /* RMCharacterListView.swift */,
				AD49EDAA29EBCC5900432161 /* RMCharacterCollectionViewCell.swift */,
				AD49EDBD29EC0A7A00432161 /* RMCharacterDetailView.swift */,
				AD49EDC129EC118E00432161 /* RMFooterLoadingCollectionReusableView.swift */,
			);
			path = Views;
			sourceTree = "<group>";
		};
		ADEA062529E53C2F00AE97BD /* ViewModels */ = {
			isa = PBXGroup;
			children = (
				ADEA064C29E677CC00AE97BD /* RMCharacterListViewViewModel.swift */,
				AD49EDAC29EBCD8800432161 /* RMCharacterCollectionViewCellViewModel.swift */,
				AD49EDBF29EC0AA700432161 /* RMCharacterDetailViewViewModel.swift */,
			);
			path = ViewModels;
			sourceTree = "<group>";
		};
		ADEA062629E53C3600AE97BD /* APIClient */ = {
			isa = PBXGroup;
			children = (
				ADEA063A29E58C9800AE97BD /* RMService.swift */,
				ADEA063C29E58CA400AE97BD /* RMRequest.swift */,
				ADEA063E29E58DC900AE97BD /* RMEndpoint.swift */,
			);
			path = APIClient;
			sourceTree = "<group>";
		};
		ADEA062829E53C6700AE97BD /* Resources */ = {
			isa = PBXGroup;
			children = (
				ADEA060E29E53A1200AE97BD /* AppDelegate.swift */,
				ADEA061029E53A1200AE97BD /* SceneDelegate.swift */,
				ADEA061729E53A1500AE97BD /* Assets.xcassets */,
				ADEA061929E53A1500AE97BD /* LaunchScreen.storyboard */,
				AD49EDB829EC04C100432161 /* Extensions.swift */,
			);
			path = Resources;
			sourceTree = "<group>";
		};
		ADEA062F29E53D8F00AE97BD /* Core */ = {
			isa = PBXGroup;
			children = (
				ADEA061229E53A1200AE97BD /* RMTabBarController.swift */,
				ADEA063129E53DB100AE97BD /* RMCharacterViewController.swift */,
				ADEA063329E53DFD00AE97BD /* RMEpisodeViewController.swift */,
				ADEA063529E53E0B00AE97BD /* RMLocationViewController.swift */,
				ADEA063729E53E1800AE97BD /* RMSettingsViewController.swift */,
			);
			path = Core;
			sourceTree = "<group>";
		};
		ADEA064829E6750500AE97BD /* DataTypes */ = {
			isa = PBXGroup;
			children = (
				ADEA062929E53D4600AE97BD /* RMLocation.swift */,
				ADEA062B29E53D5300AE97BD /* RMCharacter.swift */,
				ADEA062D29E53D6100AE97BD /* RMEpisode.swift */,
				ADEA064029E5932800AE97BD /* RMOrigin.swift */,
				ADEA064229E5935100AE97BD /* RMSingleLocation.swift */,
				ADEA064429E5940F00AE97BD /* RMCharacterStatus.swift */,
				ADEA064629E5945200AE97BD /* RMCharacterGender.swift */,
			);
			path = DataTypes;
			sourceTree = "<group>";
		};
/* End PBXGroup section */

/* Begin PBXNativeTarget section */
		ADEA060A29E53A1200AE97BD /* Rick&Morty */ = {
			isa = PBXNativeTarget;
			buildConfigurationList = ADEA061F29E53A1500AE97BD /* Build configuration list for PBXNativeTarget "Rick&Morty" */;
			buildPhases = (
				ADEA060729E53A1200AE97BD /* Sources */,
				ADEA060829E53A1200AE97BD /* Frameworks */,
				ADEA060929E53A1200AE97BD /* Resources */,
			);
			buildRules = (
			);
			dependencies = (
			);
			name = "Rick&Morty";
			productName = "Rick&Morty";
			productReference = ADEA060B29E53A1200AE97BD /* Rick&Morty.app */;
			productType = "com.apple.product-type.application";
		};
/* End PBXNativeTarget section */

/* Begin PBXProject section */
		ADEA060329E53A1200AE97BD /* Project object */ = {
			isa = PBXProject;
			attributes = {
				BuildIndependentTargetsInParallel = 1;
				LastSwiftUpdateCheck = 1410;
				LastUpgradeCheck = 1410;
				TargetAttributes = {
					ADEA060A29E53A1200AE97BD = {
						CreatedOnToolsVersion = 14.1;
					};
				};
			};
			buildConfigurationList = ADEA060629E53A1200AE97BD /* Build configuration list for PBXProject "Rick&Morty" */;
			compatibilityVersion = "Xcode 13.0";
			developmentRegion = en;
			hasScannedForEncodings = 0;
			knownRegions = (
				en,
				Base,
			);
			mainGroup = ADEA060229E53A1200AE97BD;
			productRefGroup = ADEA060C29E53A1200AE97BD /* Products */;
			projectDirPath = "";
			projectRoot = "";
			targets = (
				ADEA060A29E53A1200AE97BD /* Rick&Morty */,
			);
		};
/* End PBXProject section */

/* Begin PBXResourcesBuildPhase section */
		ADEA060929E53A1200AE97BD /* Resources */ = {
			isa = PBXResourcesBuildPhase;
			buildActionMask = 2147483647;
			files = (
				ADEA061B29E53A1500AE97BD /* LaunchScreen.storyboard in Resources */,
				ADEA061829E53A1500AE97BD /* Assets.xcassets in Resources */,
			);
			runOnlyForDeploymentPostprocessing = 0;
		};
/* End PBXResourcesBuildPhase section */

/* Begin PBXSourcesBuildPhase section */
		ADEA060729E53A1200AE97BD /* Sources */ = {
			isa = PBXSourcesBuildPhase;
			buildActionMask = 2147483647;
			files = (
				AD49EDB929EC04C100432161 /* Extensions.swift in Sources */,
				AD49EDC029EC0AA700432161 /* RMCharacterDetailViewViewModel.swift in Sources */,
				ADEA064129E5932800AE97BD /* RMOrigin.swift in Sources */,
				AD49EDC529EF024D00432161 /* RMImageLoader.swift in Sources */,
				ADEA064329E5935100AE97BD /* RMSingleLocation.swift in Sources */,
				ADEA064529E5940F00AE97BD /* RMCharacterStatus.swift in Sources */,
				AD49EDB729EC049E00432161 /* RMGetAllCharactersResponse.swift in Sources */,
				ADEA064729E5945200AE97BD /* RMCharacterGender.swift in Sources */,
				AD49EDBC29EC097B00432161 /* RMCharacterDetailViewController.swift in Sources */,
				AD49EDC229EC118E00432161 /* RMFooterLoadingCollectionReusableView.swift in Sources */,
				ADEA063629E53E0B00AE97BD /* RMLocationViewController.swift in Sources */,
				ADEA062E29E53D6100AE97BD /* RMEpisode.swift in Sources */,
				ADEA061329E53A1200AE97BD /* RMTabBarController.swift in Sources */,
				ADEA060F29E53A1200AE97BD /* AppDelegate.swift in Sources */,
				ADEA061129E53A1200AE97BD /* SceneDelegate.swift in Sources */,
				AD49EDAB29EBCC5900432161 /* RMCharacterCollectionViewCell.swift in Sources */,
				ADEA064D29E677CC00AE97BD /* RMCharacterListViewViewModel.swift in Sources */,
				ADEA062A29E53D4600AE97BD /* RMLocation.swift in Sources */,
				ADEA063829E53E1800AE97BD /* RMSettingsViewController.swift in Sources */,
				ADEA063F29E58DC900AE97BD /* RMEndpoint.swift in Sources */,
				ADEA063B29E58C9800AE97BD /* RMService.swift in Sources */,
				ADEA062C29E53D5300AE97BD /* RMCharacter.swift in Sources */,
				ADEA064F29E6785200AE97BD /* RMCharacterListView.swift in Sources */,
				ADEA063229E53DB100AE97BD /* RMCharacterViewController.swift in Sources */,
				AD49EDAD29EBCD8800432161 /* RMCharacterCollectionViewCellViewModel.swift in Sources */,
				ADEA063D29E58CA400AE97BD /* RMRequest.swift in Sources */,
				ADEA063429E53DFD00AE97BD /* RMEpisodeViewController.swift in Sources */,
				AD49EDBE29EC0A7A00432161 /* RMCharacterDetailView.swift in Sources */,
			);
			runOnlyForDeploymentPostprocessing = 0;
		};
/* End PBXSourcesBuildPhase section */

/* Begin PBXVariantGroup section */
		ADEA061929E53A1500AE97BD /* LaunchScreen.storyboard */ = {
			isa = PBXVariantGroup;
			children = (
				ADEA061A29E53A1500AE97BD /* Base */,
			);
			name = LaunchScreen.storyboard;
			sourceTree = "<group>";
		};
/* End PBXVariantGroup section */

/* Begin XCBuildConfiguration section */
		ADEA061D29E53A1500AE97BD /* Debug */ = {
			isa = XCBuildConfiguration;
			buildSettings = {
				ALWAYS_SEARCH_USER_PATHS = NO;
				CLANG_ANALYZER_NONNULL = YES;
				CLANG_ANALYZER_NUMBER_OBJECT_CONVERSION = YES_AGGRESSIVE;
				CLANG_CXX_LANGUAGE_STANDARD = "gnu++20";
				CLANG_ENABLE_MODULES = YES;
				CLANG_ENABLE_OBJC_ARC = YES;
				CLANG_ENABLE_OBJC_WEAK = YES;
				CLANG_WARN_BLOCK_CAPTURE_AUTORELEASING = YES;
				CLANG_WARN_BOOL_CONVERSION = YES;
				CLANG_WARN_COMMA = YES;
				CLANG_WARN_CONSTANT_CONVERSION = YES;
				CLANG_WARN_DEPRECATED_OBJC_IMPLEMENTATIONS = YES;
				CLANG_WARN_DIRECT_OBJC_ISA_USAGE = YES_ERROR;
				CLANG_WARN_DOCUMENTATION_COMMENTS = YES;
				CLANG_WARN_EMPTY_BODY = YES;
				CLANG_WARN_ENUM_CONVERSION = YES;
				CLANG_WARN_INFINITE_RECURSION = YES;
				CLANG_WARN_INT_CONVERSION = YES;
				CLANG_WARN_NON_LITERAL_NULL_CONVERSION = YES;
				CLANG_WARN_OBJC_IMPLICIT_RETAIN_SELF = YES;
				CLANG_WARN_OBJC_LITERAL_CONVERSION = YES;
				CLANG_WARN_OBJC_ROOT_CLASS = YES_ERROR;
				CLANG_WARN_QUOTED_INCLUDE_IN_FRAMEWORK_HEADER = YES;
				CLANG_WARN_RANGE_LOOP_ANALYSIS = YES;
				CLANG_WARN_STRICT_PROTOTYPES = YES;
				CLANG_WARN_SUSPICIOUS_MOVE = YES;
				CLANG_WARN_UNGUARDED_AVAILABILITY = YES_AGGRESSIVE;
				CLANG_WARN_UNREACHABLE_CODE = YES;
				CLANG_WARN__DUPLICATE_METHOD_MATCH = YES;
				COPY_PHASE_STRIP = NO;
				DEBUG_INFORMATION_FORMAT = dwarf;
				ENABLE_STRICT_OBJC_MSGSEND = YES;
				ENABLE_TESTABILITY = YES;
				GCC_C_LANGUAGE_STANDARD = gnu11;
				GCC_DYNAMIC_NO_PIC = NO;
				GCC_NO_COMMON_BLOCKS = YES;
				GCC_OPTIMIZATION_LEVEL = 0;
				GCC_PREPROCESSOR_DEFINITIONS = (
					"DEBUG=1",
					"$(inherited)",
				);
				GCC_WARN_64_TO_32_BIT_CONVERSION = YES;
				GCC_WARN_ABOUT_RETURN_TYPE = YES_ERROR;
				GCC_WARN_UNDECLARED_SELECTOR = YES;
				GCC_WARN_UNINITIALIZED_AUTOS = YES_AGGRESSIVE;
				GCC_WARN_UNUSED_FUNCTION = YES;
				GCC_WARN_UNUSED_VARIABLE = YES;
				IPHONEOS_DEPLOYMENT_TARGET = 16.1;
				MTL_ENABLE_DEBUG_INFO = INCLUDE_SOURCE;
				MTL_FAST_MATH = YES;
				ONLY_ACTIVE_ARCH = YES;
				SDKROOT = iphoneos;
				SWIFT_ACTIVE_COMPILATION_CONDITIONS = DEBUG;
				SWIFT_OPTIMIZATION_LEVEL = "-Onone";
			};
			name = Debug;
		};
		ADEA061E29E53A1500AE97BD /* Release */ = {
			isa = XCBuildConfiguration;
			buildSettings = {
				ALWAYS_SEARCH_USER_PATHS = NO;
				CLANG_ANALYZER_NONNULL = YES;
				CLANG_ANALYZER_NUMBER_OBJECT_CONVERSION = YES_AGGRESSIVE;
				CLANG_CXX_LANGUAGE_STANDARD = "gnu++20";
				CLANG_ENABLE_MODULES = YES;
				CLANG_ENABLE_OBJC_ARC = YES;
				CLANG_ENABLE_OBJC_WEAK = YES;
				CLANG_WARN_BLOCK_CAPTURE_AUTORELEASING = YES;
				CLANG_WARN_BOOL_CONVERSION = YES;
				CLANG_WARN_COMMA = YES;
				CLANG_WARN_CONSTANT_CONVERSION = YES;
				CLANG_WARN_DEPRECATED_OBJC_IMPLEMENTATIONS = YES;
				CLANG_WARN_DIRECT_OBJC_ISA_USAGE = YES_ERROR;
				CLANG_WARN_DOCUMENTATION_COMMENTS = YES;
				CLANG_WARN_EMPTY_BODY = YES;
				CLANG_WARN_ENUM_CONVERSION = YES;
				CLANG_WARN_INFINITE_RECURSION = YES;
				CLANG_WARN_INT_CONVERSION = YES;
				CLANG_WARN_NON_LITERAL_NULL_CONVERSION = YES;
				CLANG_WARN_OBJC_IMPLICIT_RETAIN_SELF = YES;
				CLANG_WARN_OBJC_LITERAL_CONVERSION = YES;
				CLANG_WARN_OBJC_ROOT_CLASS = YES_ERROR;
				CLANG_WARN_QUOTED_INCLUDE_IN_FRAMEWORK_HEADER = YES;
				CLANG_WARN_RANGE_LOOP_ANALYSIS = YES;
				CLANG_WARN_STRICT_PROTOTYPES = YES;
				CLANG_WARN_SUSPICIOUS_MOVE = YES;
				CLANG_WARN_UNGUARDED_AVAILABILITY = YES_AGGRESSIVE;
				CLANG_WARN_UNREACHABLE_CODE = YES;
				CLANG_WARN__DUPLICATE_METHOD_MATCH = YES;
				COPY_PHASE_STRIP = NO;
				DEBUG_INFORMATION_FORMAT = "dwarf-with-dsym";
				ENABLE_NS_ASSERTIONS = NO;
				ENABLE_STRICT_OBJC_MSGSEND = YES;
				GCC_C_LANGUAGE_STANDARD = gnu11;
				GCC_NO_COMMON_BLOCKS = YES;
				GCC_WARN_64_TO_32_BIT_CONVERSION = YES;
				GCC_WARN_ABOUT_RETURN_TYPE = YES_ERROR;
				GCC_WARN_UNDECLARED_SELECTOR = YES;
				GCC_WARN_UNINITIALIZED_AUTOS = YES_AGGRESSIVE;
				GCC_WARN_UNUSED_FUNCTION = YES;
				GCC_WARN_UNUSED_VARIABLE = YES;
				IPHONEOS_DEPLOYMENT_TARGET = 16.1;
				MTL_ENABLE_DEBUG_INFO = NO;
				MTL_FAST_MATH = YES;
				SDKROOT = iphoneos;
				SWIFT_COMPILATION_MODE = wholemodule;
				SWIFT_OPTIMIZATION_LEVEL = "-O";
				VALIDATE_PRODUCT = YES;
			};
			name = Release;
		};
		ADEA062029E53A1500AE97BD /* Debug */ = {
			isa = XCBuildConfiguration;
			buildSettings = {
				ASSETCATALOG_COMPILER_APPICON_NAME = AppIcon;
				ASSETCATALOG_COMPILER_GLOBAL_ACCENT_COLOR_NAME = AccentColor;
				CODE_SIGN_STYLE = Automatic;
				CURRENT_PROJECT_VERSION = 1;
				GENERATE_INFOPLIST_FILE = YES;
				INFOPLIST_FILE = "Rick&Morty/Info.plist";
				INFOPLIST_KEY_UIApplicationSupportsIndirectInputEvents = YES;
				INFOPLIST_KEY_UILaunchStoryboardName = LaunchScreen;
				INFOPLIST_KEY_UISupportedInterfaceOrientations_iPad = "UIInterfaceOrientationPortrait UIInterfaceOrientationPortraitUpsideDown UIInterfaceOrientationLandscapeLeft UIInterfaceOrientationLandscapeRight";
				INFOPLIST_KEY_UISupportedInterfaceOrientations_iPhone = "UIInterfaceOrientationPortrait UIInterfaceOrientationLandscapeLeft UIInterfaceOrientationLandscapeRight";
				LD_RUNPATH_SEARCH_PATHS = (
					"$(inherited)",
					"@executable_path/Frameworks",
				);
				MARKETING_VERSION = 1.0;
				PRODUCT_BUNDLE_IDENTIFIER = "Amnet-Digital.Rick-Morty";
				PRODUCT_NAME = "$(TARGET_NAME)";
				SWIFT_EMIT_LOC_STRINGS = YES;
				SWIFT_VERSION = 5.0;
				TARGETED_DEVICE_FAMILY = "1,2";
			};
			name = Debug;
		};
		ADEA062129E53A1500AE97BD /* Release */ = {
			isa = XCBuildConfiguration;
			buildSettings = {
				ASSETCATALOG_COMPILER_APPICON_NAME = AppIcon;
				ASSETCATALOG_COMPILER_GLOBAL_ACCENT_COLOR_NAME = AccentColor;
				CODE_SIGN_STYLE = Automatic;
				CURRENT_PROJECT_VERSION = 1;
				GENERATE_INFOPLIST_FILE = YES;
				INFOPLIST_FILE = "Rick&Morty/Info.plist";
				INFOPLIST_KEY_UIApplicationSupportsIndirectInputEvents = YES;
				INFOPLIST_KEY_UILaunchStoryboardName = LaunchScreen;
				INFOPLIST_KEY_UISupportedInterfaceOrientations_iPad = "UIInterfaceOrientationPortrait UIInterfaceOrientationPortraitUpsideDown UIInterfaceOrientationLandscapeLeft UIInterfaceOrientationLandscapeRight";
				INFOPLIST_KEY_UISupportedInterfaceOrientations_iPhone = "UIInterfaceOrientationPortrait UIInterfaceOrientationLandscapeLeft UIInterfaceOrientationLandscapeRight";
				LD_RUNPATH_SEARCH_PATHS = (
					"$(inherited)",
					"@executable_path/Frameworks",
				);
				MARKETING_VERSION = 1.0;
				PRODUCT_BUNDLE_IDENTIFIER = "Amnet-Digital.Rick-Morty";
				PRODUCT_NAME = "$(TARGET_NAME)";
				SWIFT_EMIT_LOC_STRINGS = YES;
				SWIFT_VERSION = 5.0;
				TARGETED_DEVICE_FAMILY = "1,2";
			};
			name = Release;
		};
/* End XCBuildConfiguration section */

/* Begin XCConfigurationList section */
		ADEA060629E53A1200AE97BD /* Build configuration list for PBXProject "Rick&Morty" */ = {
			isa = XCConfigurationList;
			buildConfigurations = (
				ADEA061D29E53A1500AE97BD /* Debug */,
				ADEA061E29E53A1500AE97BD /* Release */,
			);
			defaultConfigurationIsVisible = 0;
			defaultConfigurationName = Release;
		};
		ADEA061F29E53A1500AE97BD /* Build configuration list for PBXNativeTarget "Rick&Morty" */ = {
			isa = XCConfigurationList;
			buildConfigurations = (
				ADEA062029E53A1500AE97BD /* Debug */,
				ADEA062129E53A1500AE97BD /* Release */,
			);
			defaultConfigurationIsVisible = 0;
			defaultConfigurationName = Release;
		};
/* End XCConfigurationList section */
	};
	rootObject = ADEA060329E53A1200AE97BD /* Project object */;
}
